
Microsoft Visual Studio Solution File, Format Version 12.00
# Visual Studio Version 17
VisualStudioVersion = 17.3.32901.215
MinimumVisualStudioVersion = 10.0.40219.1
Project("{FAE04EC0-301F-11D3-BF4B-00C04F79EFBC}") = "H3Yun.OpenApi.Framework", "H3Yun.OpenApi.Framework\H3Yun.OpenApi.Framework.csproj", "{C52DA772-06B6-4B9D-88C5-70BF8B0836E5}"
EndProject
Project("{9A19103F-16F7-4668-BE54-9A1E7A4F7556}") = "H3Yun.OpenApi.Model", "H3Yun.OpenApi.Model\H3Yun.OpenApi.Model.csproj", "{E28ABD6B-CEA6-4928-BD66-0C027E362A16}"
EndProject
Project("{9A19103F-16F7-4668-BE54-9A1E7A4F7556}") = "H3Yun.OpenApi.NetCore", "H3Yun.OpenApi.NetCore\H3Yun.OpenApi.NetCore.csproj", "{FBD078CE-9CC8-4B55-AD29-5E5FCD469E90}"
EndProject
Project("{9A19103F-16F7-4668-BE54-9A1E7A4F7556}") = "test-console-netcore", "test-console-netcore\test-console-netcore.csproj", "{81E7127D-BBF1-497E-AF18-7CB3A671E872}"
EndProject
Global
	GlobalSection(SolutionConfigurationPlatforms) = preSolution
		Debug|Any CPU = Debug|Any CPU
		Release|Any CPU = Release|Any CPU
	EndGlobalSection
	GlobalSection(ProjectConfigurationPlatforms) = postSolution
		{C52DA772-06B6-4B9D-88C5-70BF8B0836E5}.Debug|Any CPU.ActiveCfg = Debug|Any CPU
		{C52DA772-06B6-4B9D-88C5-70BF8B0836E5}.Debug|Any CPU.Build.0 = Debug|Any CPU
		{C52DA772-06B6-4B9D-88C5-70BF8B0836E5}.Release|Any CPU.ActiveCfg = Release|Any CPU
		{C52DA772-06B6-4B9D-88C5-70BF8B0836E5}.Release|Any CPU.Build.0 = Release|Any CPU
		{E28ABD6B-CEA6-4928-BD66-0C027E362A16}.Debug|Any CPU.ActiveCfg = Debug|Any CPU
		{E28ABD6B-CEA6-4928-BD66-0C027E362A16}.Debug|Any CPU.Build.0 = Debug|Any CPU
		{E28ABD6B-CEA6-4928-BD66-0C027E362A16}.Release|Any CPU.ActiveCfg = Release|Any CPU
		{E28ABD6B-CEA6-4928-BD66-0C027E362A16}.Release|Any CPU.Build.0 = Release|Any CPU
		{FBD078CE-9CC8-4B55-AD29-5E5FCD469E90}.Debug|Any CPU.ActiveCfg = Debug|Any CPU
		{FBD078CE-9CC8-4B55-AD29-5E5FCD469E90}.Debug|Any CPU.Build.0 = Debug|Any CPU
		{FBD078CE-9CC8-4B55-AD29-5E5FCD469E90}.Release|Any CPU.ActiveCfg = Release|Any CPU
		{FBD078CE-9CC8-4B55-AD29-5E5FCD469E90}.Release|Any CPU.Build.0 = Release|Any CPU
		{81E7127D-BBF1-497E-AF18-7CB3A671E872}.Debug|Any CPU.ActiveCfg = Debug|Any CPU
		{81E7127D-BBF1-497E-AF18-7CB3A671E872}.Debug|Any CPU.Build.0 = Debug|Any CPU
		{81E7127D-BBF1-497E-AF18-7CB3A671E872}.Release|Any CPU.ActiveCfg = Release|Any CPU
		{81E7127D-BBF1-497E-AF18-7CB3A671E872}.Release|Any CPU.Build.0 = Release|Any CPU
	EndGlobalSection
	GlobalSection(SolutionProperties) = preSolution
		HideSolutionNode = FALSE
	EndGlobalSection
	GlobalSection(ExtensibilityGlobals) = postSolution
		SolutionGuid = {ACD55A06-1BF9-4AC7-AB87-80BFD4104991}
	EndGlobalSection
EndGlobal
